
Microsoft Visual Studio Solution File, Format Version 12.00
# Visual Studio Version 17
VisualStudioVersion = 17.2.32630.192
MinimumVisualStudioVersion = 10.0.40219.1
Project("{FAE04EC0-301F-11D3-BF4B-00C04F79EFBC}") = "SampleAPI", "SampleAPI\SampleAPI.csproj", "{59342E22-F652-42FE-83E9-F94F1CD70B46}"
EndProject
Global
	GlobalSection(SolutionConfigurationPlatforms) = preSolution
		Debug|Any CPU = Debug|Any CPU
		Release|Any CPU = Release|Any CPU
	EndGlobalSection
	GlobalSection(ProjectConfigurationPlatforms) = postSolution
		{59342E22-F652-42FE-83E9-F94F1CD70B46}.Debug|Any CPU.ActiveCfg = Debug|Any CPU
		{59342E22-F652-42FE-83E9-F94F1CD70B46}.Debug|Any CPU.Build.0 = Debug|Any CPU
		{59342E22-F652-42FE-83E9-F94F1CD70B46}.Release|Any CPU.ActiveCfg = Release|Any CPU
		{59342E22-F652-42FE-83E9-F94F1CD70B46}.Release|Any CPU.Build.0 = Release|Any CPU
	EndGlobalSection
	GlobalSection(SolutionProperties) = preSolution
		HideSolutionNode = FALSE
	EndGlobalSection
	GlobalSection(ExtensibilityGlobals) = postSolution
		SolutionGuid = {02904B93-F92F-405D-ABA7-6AB9470F8424}
	EndGlobalSection
EndGlobal
